<?xml version="1.0" encoding="utf-8"?>
<Project ToolsVersion="4.0" xmlns="http://schemas.microsoft.com/developer/msbuild/2003">
  <ItemGroup>
    <Filter Include="ソース ファイル">
      <UniqueIdentifier>{4FC737F1-C7A5-4376-A066-2A32D752A2FF}</UniqueIdentifier>
      <Extensions>cpp;c;cc;cxx;c++;cppm;ixx;def;odl;idl;hpj;bat;asm;asmx</Extensions>
    </Filter>
    <Filter Include="ヘッダー ファイル">
      <UniqueIdentifier>{93995380-89BD-4b04-88EB-625FBE52EBFB}</UniqueIdentifier>
      <Extensions>h;hh;hpp;hxx;h++;hm;inl;inc;ipp;xsd</Extensions>
    </Filter>
    <Filter Include="リソース ファイル">
      <UniqueIdentifier>{67DA6AB6-F800-4c08-8B7A-83BB121AAD01}</UniqueIdentifier>
      <Extensions>rc;ico;cur;bmp;dlg;rc2;rct;bin;rgs;gif;jpg;jpeg;jpe;resx;tiff;tif;png;wav;mfcribbon-ms</Extensions>
    </Filter>
    <Filter Include="ImGui">
      <UniqueIdentifier>{d8680f63-46d4-4176-b95a-c30c31e67d3f}</UniqueIdentifier>
    </Filter>
    <Filter Include="App">
      <UniqueIdentifier>{3c9d194d-eb66-409b-8b36-90f66710605f}</UniqueIdentifier>
    </Filter>
    <Filter Include="App\Character">
      <UniqueIdentifier>{65e78cf7-ab84-4e58-b00b-720cc9fbc2d4}</UniqueIdentifier>
    </Filter>
    <Filter Include="App\Scene">
      <UniqueIdentifier>{31d815e2-589d-47bb-a0be-86ddf179cd07}</UniqueIdentifier>
    </Filter>
    <Filter Include="App\Camera">
      <UniqueIdentifier>{e74c563f-1c6d-47ff-ba96-e53e315ba841}</UniqueIdentifier>
    </Filter>
    <Filter Include="RayEngine">
      <UniqueIdentifier>{4befd709-4f59-4eef-bbcb-c562e0fba9ad}</UniqueIdentifier>
    </Filter>
    <Filter Include="RayEngine\2d">
      <UniqueIdentifier>{251cca14-0b70-4345-b1bd-fad92662c4f0}</UniqueIdentifier>
    </Filter>
    <Filter Include="RayEngine\3d">
      <UniqueIdentifier>{1c143c16-31bb-4c74-8e62-c81face1fc96}</UniqueIdentifier>
    </Filter>
    <Filter Include="RayEngine\Audio">
      <UniqueIdentifier>{b9bd29db-646a-4e25-929d-0690cfde5031}</UniqueIdentifier>
    </Filter>
    <Filter Include="RayEngine\Base">
      <UniqueIdentifier>{7a433c4a-b7e4-4f7c-8252-db53e4adecb3}</UniqueIdentifier>
    </Filter>
    <Filter Include="RayEngine\Collision">
      <UniqueIdentifier>{4e7372c1-9e42-4bf0-9da0-5813f6edf647}</UniqueIdentifier>
    </Filter>
    <Filter Include="RayEngine\Scene">
      <UniqueIdentifier>{62d91c4c-e3b3-4103-9186-144e03d40d85}</UniqueIdentifier>
    </Filter>
    <Filter Include="RayEngine\Light">
      <UniqueIdentifier>{57181f7c-eba0-4338-888f-35ab3c6655ee}</UniqueIdentifier>
    </Filter>
    <Filter Include="RayEngine\Input">
      <UniqueIdentifier>{35ac38e3-1981-41f4-9148-a4b141d54eec}</UniqueIdentifier>
    </Filter>
    <Filter Include="RayEngine\Math">
      <UniqueIdentifier>{074a3684-7862-4531-bfe1-23188d91f392}</UniqueIdentifier>
    </Filter>
  </ItemGroup>
  <ItemGroup>
    <ClCompile Include="Externals\imgui\imgui.cpp">
      <Filter>ImGui</Filter>
    </ClCompile>
    <ClCompile Include="Externals\imgui\imgui_demo.cpp">
      <Filter>ImGui</Filter>
    </ClCompile>
    <ClCompile Include="Externals\imgui\imgui_draw.cpp">
      <Filter>ImGui</Filter>
    </ClCompile>
    <ClCompile Include="Externals\imgui\imgui_impl_dx12.cpp">
      <Filter>ImGui</Filter>
    </ClCompile>
    <ClCompile Include="Externals\imgui\imgui_impl_win32.cpp">
      <Filter>ImGui</Filter>
    </ClCompile>
    <ClCompile Include="Externals\imgui\imgui_tables.cpp">
      <Filter>ImGui</Filter>
    </ClCompile>
    <ClCompile Include="Externals\imgui\imgui_widgets.cpp">
      <Filter>ImGui</Filter>
    </ClCompile>
    <ClCompile Include="DIrectXGame\RayEngine\Framework\Framework.cpp">
      <Filter>RayEngine</Filter>
    </ClCompile>
    <ClCompile Include="DIrectXGame\RayEngine\GlobalVariables.cpp">
      <Filter>RayEngine</Filter>
    </ClCompile>
    <ClCompile Include="DIrectXGame\Application\Character\BaseCharacter.cpp">
      <Filter>App\Character</Filter>
    </ClCompile>
    <ClCompile Include="DIrectXGame\Application\Scene\GameScene.cpp">
      <Filter>App\Scene</Filter>
    </ClCompile>
    <ClCompile Include="DIrectXGame\Application\Scene\TitleScene.cpp">
      <Filter>App\Scene</Filter>
    </ClCompile>
    <ClCompile Include="DIrectXGame\Application\Camera\FollowCamera.cpp">
      <Filter>App\Camera</Filter>
    </ClCompile>
    <ClCompile Include="SRVManager.cpp">
      <Filter>ソース ファイル</Filter>
    </ClCompile>
    <ClCompile Include="DIrectXGame\RayEngine\Audio\audio.cpp">
      <Filter>RayEngine\Audio</Filter>
    </ClCompile>
    <ClCompile Include="DIrectXGame\RayEngine\Scene\BaseScene.cpp">
      <Filter>RayEngine\Scene</Filter>
    </ClCompile>
    <ClCompile Include="DIrectXGame\RayEngine\Collision\Collider.cpp">
      <Filter>RayEngine\Collision</Filter>
    </ClCompile>
    <ClCompile Include="DIrectXGame\RayEngine\Collision\CollisionManager.cpp">
      <Filter>RayEngine\Collision</Filter>
    </ClCompile>
    <ClCompile Include="DIrectXGame\RayEngine\3d\DirectionalLight.cpp">
      <Filter>RayEngine\Light</Filter>
    </ClCompile>
    <ClCompile Include="DIrectXGame\RayEngine\Base\DXCManager.cpp">
      <Filter>RayEngine\Base</Filter>
    </ClCompile>
    <ClCompile Include="DIrectXGame\RayEngine\Base\DXCommon.cpp">
      <Filter>RayEngine\Base</Filter>
    </ClCompile>
    <ClCompile Include="DIrectXGame\RayEngine\Base\ImGuiManager.cpp">
      <Filter>RayEngine\Base</Filter>
    </ClCompile>
    <ClCompile Include="DIrectXGame\RayEngine\Base\MyD3D12Create.cpp">
      <Filter>RayEngine\Base</Filter>
    </ClCompile>
    <ClCompile Include="DIrectXGame\RayEngine\Input\Input.cpp">
      <Filter>RayEngine\Input</Filter>
    </ClCompile>
    <ClCompile Include="DIrectXGame\RayEngine\3d\LightGroup.cpp">
      <Filter>RayEngine\Light</Filter>
    </ClCompile>
    <ClCompile Include="DIrectXGame\RayEngine\Math\Matrix3x3.cpp">
      <Filter>RayEngine\Math</Filter>
    </ClCompile>
    <ClCompile Include="DIrectXGame\RayEngine\Math\Matrix4x4.cpp">
      <Filter>RayEngine\Math</Filter>
    </ClCompile>
    <ClCompile Include="DIrectXGame\RayEngine\3d\Material.cpp">
      <Filter>RayEngine\3d</Filter>
    </ClCompile>
    <ClCompile Include="DIrectXGame\RayEngine\3d\Mesh.cpp">
      <Filter>RayEngine\3d</Filter>
    </ClCompile>
    <ClCompile Include="DIrectXGame\RayEngine\3d\Model.cpp">
      <Filter>RayEngine\3d</Filter>
    </ClCompile>
    <ClCompile Include="DIrectXGame\RayEngine\Scene\SceneFactory.cpp">
      <Filter>RayEngine\Scene</Filter>
    </ClCompile>
    <ClCompile Include="DIrectXGame\RayEngine\Scene\SceneManager.cpp">
      <Filter>RayEngine\Scene</Filter>
    </ClCompile>
    <ClCompile Include="DIrectXGame\RayEngine\Math\Vector2.cpp">
      <Filter>RayEngine\Math</Filter>
    </ClCompile>
    <ClCompile Include="DIrectXGame\RayEngine\Math\Vector3.cpp">
      <Filter>RayEngine\Math</Filter>
    </ClCompile>
    <ClCompile Include="DIrectXGame\RayEngine\Math\Vector4.cpp">
      <Filter>RayEngine\Math</Filter>
    </ClCompile>
    <ClCompile Include="DIrectXGame\RayEngine\Math\R_Math.cpp">
      <Filter>RayEngine\Math</Filter>
    </ClCompile>
    <ClCompile Include="DIrectXGame\RayEngine\2d\Sprite.cpp">
      <Filter>RayEngine\2d</Filter>
    </ClCompile>
    <ClCompile Include="DIrectXGame\Particle.cpp">
      <Filter>RayEngine\2d</Filter>
    </ClCompile>
    <ClCompile Include="DIrectXGame\ParticleManager.cpp">
      <Filter>RayEngine\2d</Filter>
    </ClCompile>
    <ClCompile Include="DIrectXGame\RayEngine\Math\Transform.cpp">
      <Filter>RayEngine\Math</Filter>
    </ClCompile>
    <ClCompile Include="DIrectXGame\RayEngine\3d\WorldTransform.cpp">
      <Filter>RayEngine\3d</Filter>
    </ClCompile>
    <ClCompile Include="DIrectXGame\RayEngine\3d\viewProjection.cpp">
      <Filter>RayEngine\3d</Filter>
    </ClCompile>
    <ClCompile Include="DIrectXGame\RayEngine\3d\Triangle.cpp">
      <Filter>RayEngine\2d</Filter>
    </ClCompile>
    <ClCompile Include="DIrectXGame\RayEngine\Base\MyLog.cpp">
      <Filter>RayEngine\Base</Filter>
    </ClCompile>
    <ClCompile Include="DIrectXGame\RayEngine\Base\TextureManager.cpp">
      <Filter>RayEngine\Base</Filter>
    </ClCompile>
    <ClCompile Include="DIrectXGame\RayEngine\Base\WinApp.cpp">
      <Filter>RayEngine\Base</Filter>
    </ClCompile>
    <ClCompile Include="DIrectXGame\main.cpp">
      <Filter>App</Filter>
    </ClCompile>
    <ClCompile Include="DIrectXGame\Application\MyGame.cpp">
      <Filter>App</Filter>
    </ClCompile>
    <ClCompile Include="SRVManager.cpp">
      <Filter>RayEngine</Filter>
    </ClCompile>
  </ItemGroup>
  <ItemGroup>
    <ClInclude Include="Externals\imgui\imconfig.h">
      <Filter>ImGui</Filter>
    </ClInclude>
    <ClInclude Include="Externals\imgui\imgui.h">
      <Filter>ImGui</Filter>
    </ClInclude>
    <ClInclude Include="Externals\imgui\imgui_impl_dx12.h">
      <Filter>ImGui</Filter>
    </ClInclude>
    <ClInclude Include="Externals\imgui\imgui_impl_win32.h">
      <Filter>ImGui</Filter>
    </ClInclude>
    <ClInclude Include="Externals\imgui\imgui_internal.h">
      <Filter>ImGui</Filter>
    </ClInclude>
    <ClInclude Include="Externals\imgui\imstb_rectpack.h">
      <Filter>ImGui</Filter>
    </ClInclude>
    <ClInclude Include="Externals\imgui\imstb_textedit.h">
      <Filter>ImGui</Filter>
    </ClInclude>
    <ClInclude Include="Externals\imgui\imstb_truetype.h">
      <Filter>ImGui</Filter>
    </ClInclude>
    <ClInclude Include="DIrectXGame\Application\Camera\FollowCamera.h">
      <Filter>App\Camera</Filter>
    </ClInclude>
    <ClInclude Include="DIrectXGame\Application\Scene\GameScene.h">
      <Filter>App\Scene</Filter>
    </ClInclude>
    <ClInclude Include="DIrectXGame\Application\Scene\TitleScene.h">
      <Filter>App\Scene</Filter>
    </ClInclude>
    <ClInclude Include="DIrectXGame\Application\Character\BaseCharacter.h">
      <Filter>App\Character</Filter>
    </ClInclude>
    <ClInclude Include="resource.h">
      <Filter>RayEngine</Filter>
    </ClInclude>
    <ClInclude Include="DIrectXGame\RayEngine\Framework\Framework.h">
      <Filter>RayEngine</Filter>
    </ClInclude>
    <ClInclude Include="DIrectXGame\RayEngine\GlobalVariables.h">
      <Filter>RayEngine</Filter>
    </ClInclude>
    <ClInclude Include="resource.h">
      <Filter>ヘッダー ファイル</Filter>
    </ClInclude>
    <ClInclude Include="SRVManager.h">
      <Filter>ヘッダー ファイル</Filter>
    </ClInclude>
    <ClInclude Include="DIrectXGame\RayEngine\Audio\audio.h">
      <Filter>RayEngine\Audio</Filter>
    </ClInclude>
    <ClInclude Include="DIrectXGame\RayEngine\Scene\AbstractSceneFactory.h">
      <Filter>RayEngine\Scene</Filter>
    </ClInclude>
    <ClInclude Include="DIrectXGame\RayEngine\Scene\BaseScene.h">
      <Filter>RayEngine\Scene</Filter>
    </ClInclude>
    <ClInclude Include="DIrectXGame\RayEngine\Collision\Collider.h">
      <Filter>RayEngine\Collision</Filter>
    </ClInclude>
    <ClInclude Include="DIrectXGame\RayEngine\Collision\CollisionConfig.h">
      <Filter>RayEngine\Collision</Filter>
    </ClInclude>
    <ClInclude Include="DIrectXGame\RayEngine\Collision\CollisionManager.h">
      <Filter>RayEngine\Collision</Filter>
    </ClInclude>
    <ClInclude Include="DIrectXGame\RayEngine\3d\DirectionalLight.h">
      <Filter>RayEngine\Light</Filter>
    </ClInclude>
    <ClInclude Include="DIrectXGame\RayEngine\Base\DXCManager.h">
      <Filter>RayEngine\Base</Filter>
    </ClInclude>
    <ClInclude Include="DIrectXGame\RayEngine\Base\DXCommon.h">
      <Filter>RayEngine\Base</Filter>
    </ClInclude>
    <ClInclude Include="DIrectXGame\RayEngine\Base\ImGuiManager.h">
      <Filter>RayEngine\Base</Filter>
    </ClInclude>
    <ClInclude Include="DIrectXGame\RayEngine\Base\MyD3D12Create.h">
      <Filter>RayEngine\Base</Filter>
    </ClInclude>
    <ClInclude Include="DIrectXGame\RayEngine\Input\Input.h">
      <Filter>RayEngine\Input</Filter>
    </ClInclude>
    <ClInclude Include="DIrectXGame\RayEngine\3d\LightGroup.h">
      <Filter>RayEngine\Light</Filter>
    </ClInclude>
    <ClInclude Include="DIrectXGame\RayEngine\Math\Matrix3x3.h">
      <Filter>RayEngine\Math</Filter>
    </ClInclude>
    <ClInclude Include="DIrectXGame\RayEngine\Math\Matrix4x4.h">
      <Filter>RayEngine\Math</Filter>
    </ClInclude>
    <ClInclude Include="DIrectXGame\RayEngine\3d\Material.h">
      <Filter>RayEngine\3d</Filter>
    </ClInclude>
    <ClInclude Include="DIrectXGame\RayEngine\3d\Mesh.h">
      <Filter>RayEngine\3d</Filter>
    </ClInclude>
    <ClInclude Include="DIrectXGame\RayEngine\3d\Model.h">
      <Filter>RayEngine\3d</Filter>
    </ClInclude>
    <ClInclude Include="DIrectXGame\RayEngine\Scene\SceneFactory.h">
      <Filter>RayEngine\Scene</Filter>
    </ClInclude>
    <ClInclude Include="DIrectXGame\RayEngine\Scene\SceneManager.h">
      <Filter>RayEngine\Scene</Filter>
    </ClInclude>
    <ClInclude Include="DIrectXGame\RayEngine\Math\Vector2.h">
      <Filter>RayEngine\Math</Filter>
    </ClInclude>
    <ClInclude Include="DIrectXGame\RayEngine\Math\Vector3.h">
      <Filter>RayEngine\Math</Filter>
    </ClInclude>
    <ClInclude Include="DIrectXGame\RayEngine\Math\Vector4.h">
      <Filter>RayEngine\Math</Filter>
    </ClInclude>
    <ClInclude Include="DIrectXGame\RayEngine\Math\R_Math.h">
      <Filter>RayEngine\Math</Filter>
    </ClInclude>
    <ClInclude Include="DIrectXGame\RayEngine\2d\Sprite.h">
      <Filter>RayEngine\2d</Filter>
    </ClInclude>
    <ClInclude Include="DIrectXGame\Particle.h">
      <Filter>RayEngine\2d</Filter>
    </ClInclude>
    <ClInclude Include="DIrectXGame\ParticleManager.h">
      <Filter>RayEngine\2d</Filter>
    </ClInclude>
    <ClInclude Include="DIrectXGame\RayEngine\Math\Transform.h">
      <Filter>RayEngine\Math</Filter>
    </ClInclude>
    <ClInclude Include="DIrectXGame\RayEngine\3d\WorldTransform.h">
      <Filter>RayEngine\3d</Filter>
    </ClInclude>
    <ClInclude Include="DIrectXGame\RayEngine\3d\viewProjection.h">
      <Filter>RayEngine\3d</Filter>
    </ClInclude>
    <ClInclude Include="DIrectXGame\RayEngine\3d\Triangle.h">
      <Filter>RayEngine\2d</Filter>
    </ClInclude>
    <ClInclude Include="DIrectXGame\RayEngine\Base\MyLog.h">
      <Filter>RayEngine\Base</Filter>
    </ClInclude>
    <ClInclude Include="DIrectXGame\RayEngine\Base\SafeDelete.h">
      <Filter>RayEngine\Base</Filter>
    </ClInclude>
    <ClInclude Include="DIrectXGame\RayEngine\Base\MyStruct.h">
      <Filter>RayEngine\Base</Filter>
    </ClInclude>
    <ClInclude Include="DIrectXGame\RayEngine\Base\TextureManager.h">
      <Filter>RayEngine\Base</Filter>
    </ClInclude>
    <ClInclude Include="DIrectXGame\RayEngine\Base\WinApp.h">
      <Filter>RayEngine\Base</Filter>
    </ClInclude>
    <ClInclude Include="DIrectXGame\Application\MyGame.h">
      <Filter>App</Filter>
    </ClInclude>
    <ClInclude Include="SRVManager.h">
      <Filter>RayEngine</Filter>
    </ClInclude>
  </ItemGroup>
  <ItemGroup>
    <Text Include="Externals\imgui\LICENSE.txt">
      <Filter>ImGui</Filter>
    </Text>
  </ItemGroup>
  <ItemGroup>
    <ResourceCompile Include="RayEngine.rc">
      <Filter>リソース ファイル</Filter>
    </ResourceCompile>
  </ItemGroup>
</Project>